{
  "name": "1",
  "version": "1.0.0",
  "lockfileVersion": 3,
  "requires": true,
  "packages": {
    "": {
      "name": "1",
      "version": "1.0.0",
      "license": "ISC",
      "dependencies": {
        "@huggingface/inference": "^2.8.1"
      }
    },
    "node_modules/@huggingface/inference": {
      "version": "2.8.1",
      "resolved": "https://registry.npmjs.org/@huggingface/inference/-/inference-2.8.1.tgz",
      "integrity": "sha512-EfsNtY9OR6JCNaUa5bZu2mrs48iqeTz0Gutwf+fU0Kypx33xFQB4DKMhp8u4Ee6qVbLbNWvTHuWwlppLQl4p4Q==",
      "license": "MIT",
      "dependencies": {
        "@huggingface/tasks": "^0.12.9"
      },
      "engines": {
        "node": ">=18"
      }
    },
    "node_modules/@huggingface/tasks": {
      "version": "0.12.30",
      "resolved": "https://registry.npmjs.org/@huggingface/tasks/-/tasks-0.12.30.tgz",
      "integrity": "sha512-A1ITdxbEzx9L8wKR8pF7swyrTLxWNDFIGDLUWInxvks2ruQ8PLRBZe8r0EcjC3CDdtlj9jV1V4cgV35K/iy3GQ==",
      "license": "MIT"
    }
  }
}
